{
  "name": "node-app",
  "version": "1.0.0",
  "lockfileVersion": 1,
  "requires": true,
  "dependencies": {
    "lion-lib-shahariartushar": {
      "version": "1.2.0",
      "resolved": "https://registry.npmjs.org/lion-lib-shahariartushar/-/lion-lib-shahariartushar-1.2.0.tgz",
      "integrity": "sha512-fZVP17I2xcRDQz/jMXwZsaJ7G3ptQ5M5Iyga8h86FAWytG62pNJz7PE5DlL765lvnKLHJMoR8wKUPCnpFHR18g=="
    }
  }
}
